
Microsoft Visual Studio Solution File, Format Version 12.00
# Visual Studio Version 16
VisualStudioVersion = 16.0.31624.102
MinimumVisualStudioVersion = 10.0.40219.1
Project("{FAE04EC0-301F-11D3-BF4B-00C04F79EFBC}") = "LanchesMacApp", "LanchesMacApp.csproj", "{2134CC7F-BAA9-441D-82E5-E41677ECF865}"
EndProject
Global
	GlobalSection(SolutionConfigurationPlatforms) = preSolution
		Debug|Any CPU = Debug|Any CPU
		Release|Any CPU = Release|Any CPU
	EndGlobalSection
	GlobalSection(ProjectConfigurationPlatforms) = postSolution
		{2134CC7F-BAA9-441D-82E5-E41677ECF865}.Debug|Any CPU.ActiveCfg = Debug|Any CPU
		{2134CC7F-BAA9-441D-82E5-E41677ECF865}.Debug|Any CPU.Build.0 = Debug|Any CPU
		{2134CC7F-BAA9-441D-82E5-E41677ECF865}.Release|Any CPU.ActiveCfg = Release|Any CPU
		{2134CC7F-BAA9-441D-82E5-E41677ECF865}.Release|Any CPU.Build.0 = Release|Any CPU
	EndGlobalSection
	GlobalSection(SolutionProperties) = preSolution
		HideSolutionNode = FALSE
	EndGlobalSection
	GlobalSection(ExtensibilityGlobals) = postSolution
		SolutionGuid = {7FA169D5-0067-4001-BE97-55A4704B5527}
	EndGlobalSection
EndGlobal
